// !$*UTF8*$!
{
	archiveVersion = 1;
	classes = {
	};
	objectVersion = 46;
	objects = {

/* Begin PBXBuildFile section */
		225CEDC11EE317DD00B4A94A /* AppDelegate.swift in Sources */ = {isa = PBXBuildFile; fileRef = 225CEDC01EE317DD00B4A94A /* AppDelegate.swift */; };
		225CEDC31EE317DD00B4A94A /* ViewController.swift in Sources */ = {isa = PBXBuildFile; fileRef = 225CEDC21EE317DD00B4A94A /* ViewController.swift */; };
		225CEDC61EE317DD00B4A94A /* Main.storyboard in Resources */ = {isa = PBXBuildFile; fileRef = 225CEDC41EE317DD00B4A94A /* Main.storyboard */; };
		225CEDC81EE317DD00B4A94A /* Assets.xcassets in Resources */ = {isa = PBXBuildFile; fileRef = 225CEDC71EE317DD00B4A94A /* Assets.xcassets */; };
		225CEDCB1EE317DD00B4A94A /* LaunchScreen.storyboard in Resources */ = {isa = PBXBuildFile; fileRef = 225CEDC91EE317DD00B4A94A /* LaunchScreen.storyboard */; };
/* End PBXBuildFile section */

/* Begin PBXFileReference section */
		225CEDBD1EE317DD00B4A94A /* Cards.app */ = {isa = PBXFileReference; explicitFileType = wrapper.application; includeInIndex = 0; path = Cards.app; sourceTree = BUILT_PRODUCTS_DIR; };
		225CEDC01EE317DD00B4A94A /* AppDelegate.swift */ = {isa = PBXFileReference; lastKnownFileType = sourcecode.swift; path = AppDelegate.swift; sourceTree = "<group>"; };
		225CEDC21EE317DD00B4A94A /* ViewController.swift */ = {isa = PBXFileReference; lastKnownFileType = sourcecode.swift; path = ViewController.swift; sourceTree = "<group>"; };
		225CEDC51EE317DD00B4A94A /* Base */ = {isa = PBXFileReference; lastKnownFileType = file.storyboard; name = Base; path = Base.lproj/Main.storyboard; sourceTree = "<group>"; };
		225CEDC71EE317DD00B4A94A /* Assets.xcassets */ = {isa = PBXFileReference; lastKnownFileType = folder.assetcatalog; path = Assets.xcassets; sourceTree = "<group>"; };
		225CEDCA1EE317DD00B4A94A /* Base */ = {isa = PBXFileReference; lastKnownFileType = file.storyboard; name = Base; path = Base.lproj/LaunchScreen.storyboard; sourceTree = "<group>"; };
		225CEDCC1EE317DD00B4A94A /* Info.plist */ = {isa = PBXFileReference; lastKnownFileType = text.plist.xml; path = Info.plist; sourceTree = "<group>"; };
/* End PBXFileReference section */

/* Begin PBXFrameworksBuildPhase section */
		225CEDBA1EE317DD00B4A94A /* Frameworks */ = {
			isa = PBXFrameworksBuildPhase;
			buildActionMask = 2147483647;
			files = (
			);
			runOnlyForDeploymentPostprocessing = 0;
		};
/* End PBXFrameworksBuildPhase section */

/* Begin PBXGroup section */
		225CEDB41EE317DD00B4A94A = {
			isa = PBXGroup;
			children = (
				225CEDBF1EE317DD00B4A94A /* Cards */,
				225CEDBE1EE317DD00B4A94A /* Products */,
			);
			sourceTree = "<group>";
		};
		225CEDBE1EE317DD00B4A94A /* Products */ = {
			isa = PBXGroup;
			children = (
				225CEDBD1EE317DD00B4A94A /* Cards.app */,
			);
			name = Products;
			sourceTree = "<group>";
		};
		225CEDBF1EE317DD00B4A94A /* Cards */ = {
			isa = PBXGroup;
			children = (
				225CEDC01EE317DD00B4A94A /* AppDelegate.swift */,
				225CEDC21EE317DD00B4A94A /* ViewController.swift */,
				225CEDC41EE317DD00B4A94A /* Main.storyboard */,
				225CEDC71EE317DD00B4A94A /* Assets.xcassets */,
				225CEDC91EE317DD00B4A94A /* LaunchScreen.storyboard */,
				225CEDCC1EE317DD00B4A94A /* Info.plist */,
			);
			path = Cards;
			sourceTree = "<group>";
		};
/* End PBXGroup section */

/* Begin PBXNativeTarget section */
		225CEDBC1EE317DD00B4A94A /* Cards */ = {
			isa = PBXNativeTarget;
			buildConfigurationList = 225CEDCF1EE317DD00B4A94A /* Build configuration list for PBXNativeTarget "Cards" */;
			buildPhases = (
				225CEDB91EE317DD00B4A94A /* Sources */,
				225CEDBA1EE317DD00B4A94A /* Frameworks */,
				225CEDBB1EE317DD00B4A94A /* Resources */,
			);
			buildRules = (
			);
			dependencies = (
			);
			name = Cards;
			productName = Cards;
			productReference = 225CEDBD1EE317DD00B4A94A /* Cards.app */;
			productType = "com.apple.product-type.application";
		};
/* End PBXNativeTarget section */

/* Begin PBXProject section */
		225CEDB51EE317DD00B4A94A /* Project object */ = {
			isa = PBXProject;
			attributes = {
				LastSwiftUpdateCheck = 0830;
				LastUpgradeCheck = 0830;
				ORGANIZATIONNAME = "Sam Meech-Ward";
				TargetAttributes = {
					225CEDBC1EE317DD00B4A94A = {
						CreatedOnToolsVersion = 8.3.2;
						DevelopmentTeam = 7GT6EK8D4J;
						ProvisioningStyle = Automatic;
					};
				};
			};
			buildConfigurationList = 225CEDB81EE317DD00B4A94A /* Build configuration list for PBXProject "Cards" */;
			compatibilityVersion = "Xcode 3.2";
			developmentRegion = English;
			hasScannedForEncodings = 0;
			knownRegions = (
				en,
				Base,
			);
			mainGroup = 225CEDB41EE317DD00B4A94A;
			productRefGroup = 225CEDBE1EE317DD00B4A94A /* Products */;
			projectDirPath = "";
			projectRoot = "";
			targets = (
				225CEDBC1EE317DD00B4A94A /* Cards */,
			);
		};
/* End PBXProject section */

/* Begin PBXResourcesBuildPhase section */
		225CEDBB1EE317DD00B4A94A /* Resources */ = {
			isa = PBXResourcesBuildPhase;
			buildActionMask = 2147483647;
			files = (
				225CEDCB1EE317DD00B4A94A /* LaunchScreen.storyboard in Resources */,
				225CEDC81EE317DD00B4A94A /* Assets.xcassets in Resources */,
				225CEDC61EE317DD00B4A94A /* Main.storyboard in Resources */,
			);
			runOnlyForDeploymentPostprocessing = 0;
		};
/* End PBXResourcesBuildPhase section */

/* Begin PBXSourcesBuildPhase section */
		225CEDB91EE317DD00B4A94A /* Sources */ = {
			isa = PBXSourcesBuildPhase;
			buildActionMask = 2147483647;
			files = (
				225CEDC31EE317DD00B4A94A /* ViewController.swift in Sources */,
				225CEDC11EE317DD00B4A94A /* AppDelegate.swift in Sources */,
			);
			runOnlyForDeploymentPostprocessing = 0;
		};
/* End PBXSourcesBuildPhase section */

/* Begin PBXVariantGroup section */
		225CEDC41EE317DD00B4A94A /* Main.storyboard */ = {
			isa = PBXVariantGroup;
			children = (
				225CEDC51EE317DD00B4A94A /* Base */,
			);
			name = Main.storyboard;
			sourceTree = "<group>";
		};
		225CEDC91EE317DD00B4A94A /* LaunchScreen.storyboard */ = {
			isa = PBXVariantGroup;
			children = (
				225CEDCA1EE317DD00B4A94A /* Base */,
			);
			name = LaunchScreen.storyboard;
			sourceTree = "<group>";
		};
/* End PBXVariantGroup section */

/* Begin XCBuildConfiguration section */
		225CEDCD1EE317DD00B4A94A /* Debug */ = {
			isa = XCBuildConfiguration;
			buildSettings = {
				ALWAYS_SEARCH_USER_PATHS = NO;
				CLANG_ANALYZER_NONNULL = YES;
				CLANG_ANALYZER_NUMBER_OBJECT_CONVERSION = YES_AGGRESSIVE;
				CLANG_CXX_LANGUAGE_STANDARD = "gnu++0x";
				CLANG_CXX_LIBRARY = "libc++";
				CLANG_ENABLE_MODULES = YES;
				CLANG_ENABLE_OBJC_ARC = YES;
				CLANG_WARN_BOOL_CONVERSION = YES;
				CLANG_WARN_CONSTANT_CONVERSION = YES;
				CLANG_WARN_DIRECT_OBJC_ISA_USAGE = YES_ERROR;
				CLANG_WARN_DOCUMENTATION_COMMENTS = YES;
				CLANG_WARN_EMPTY_BODY = YES;
				CLANG_WARN_ENUM_CONVERSION = YES;
				CLANG_WARN_INFINITE_RECURSION = YES;
				CLANG_WARN_INT_CONVERSION = YES;
				CLANG_WARN_OBJC_ROOT_CLASS = YES_ERROR;
				CLANG_WARN_SUSPICIOUS_MOVE = YES;
				CLANG_WARN_UNREACHABLE_CODE = YES;
				CLANG_WARN__DUPLICATE_METHOD_MATCH = YES;
				"CODE_SIGN_IDENTITY[sdk=iphoneos*]" = "iPhone Developer";
				COPY_PHASE_STRIP = NO;
				DEBUG_INFORMATION_FORMAT = dwarf;
				ENABLE_STRICT_OBJC_MSGSEND = YES;
				ENABLE_TESTABILITY = YES;
				GCC_C_LANGUAGE_STANDARD = gnu99;
				GCC_DYNAMIC_NO_PIC = NO;
				GCC_NO_COMMON_BLOCKS = YES;
				GCC_OPTIMIZATION_LEVEL = 0;
				GCC_PREPROCESSOR_DEFINITIONS = (
					"DEBUG=1",
					"$(inherited)",
				);
				GCC_WARN_64_TO_32_BIT_CONVERSION = YES;
				GCC_WARN_ABOUT_RETURN_TYPE = YES_ERROR;
				GCC_WARN_UNDECLARED_SELECTOR = YES;
				GCC_WARN_UNINITIALIZED_AUTOS = YES_AGGRESSIVE;
				GCC_WARN_UNUSED_FUNCTION = YES;
				GCC_WARN_UNUSED_VARIABLE = YES;
				IPHONEOS_DEPLOYMENT_TARGET = 10.3;
				MTL_ENABLE_DEBUG_INFO = YES;
				ONLY_ACTIVE_ARCH = YES;
				SDKROOT = iphoneos;
				SWIFT_ACTIVE_COMPILATION_CONDITIONS = DEBUG;
				SWIFT_OPTIMIZATION_LEVEL = "-Onone";
				TARGETED_DEVICE_FAMILY = "1,2";
			};
			name = Debug;
		};
		225CEDCE1EE317DD00B4A94A /* Release */ = {
			isa = XCBuildConfiguration;
			buildSettings = {
				ALWAYS_SEARCH_USER_PATHS = NO;
				CLANG_ANALYZER_NONNULL = YES;
				CLANG_ANALYZER_NUMBER_OBJECT_CONVERSION = YES_AGGRESSIVE;
				CLANG_CXX_LANGUAGE_STANDARD = "gnu++0x";
				CLANG_CXX_LIBRARY = "libc++";
				CLANG_ENABLE_MODULES = YES;
				CLANG_ENABLE_OBJC_ARC = YES;
				CLANG_WARN_BOOL_CONVERSION = YES;
				CLANG_WARN_CONSTANT_CONVERSION = YES;
				CLANG_WARN_DIRECT_OBJC_ISA_USAGE = YES_ERROR;
				CLANG_WARN_DOCUMENTATION_COMMENTS = YES;
				CLANG_WARN_EMPTY_BODY = YES;
				CLANG_WARN_ENUM_CONVERSION = YES;
				CLANG_WARN_INFINITE_RECURSION = YES;
				CLANG_WARN_INT_CONVERSION = YES;
				CLANG_WARN_OBJC_ROOT_CLASS = YES_ERROR;
				CLANG_WARN_SUSPICIOUS_MOVE = YES;
				CLANG_WARN_UNREACHABLE_CODE = YES;
				CLANG_WARN__DUPLICATE_METHOD_MATCH = YES;
				"CODE_SIGN_IDENTITY[sdk=iphoneos*]" = "iPhone Developer";
				COPY_PHASE_STRIP = NO;
				DEBUG_INFORMATION_FORMAT = "dwarf-with-dsym";
				ENABLE_NS_ASSERTIONS = NO;
				ENABLE_STRICT_OBJC_MSGSEND = YES;
				GCC_C_LANGUAGE_STANDARD = gnu99;
				GCC_NO_COMMON_BLOCKS = YES;
				GCC_WARN_64_TO_32_BIT_CONVERSION = YES;
				GCC_WARN_ABOUT_RETURN_TYPE = YES_ERROR;
				GCC_WARN_UNDECLARED_SELECTOR = YES;
				GCC_WARN_UNINITIALIZED_AUTOS = YES_AGGRESSIVE;
				GCC_WARN_UNUSED_FUNCTION = YES;
				GCC_WARN_UNUSED_VARIABLE = YES;
				IPHONEOS_DEPLOYMENT_TARGET = 10.3;
				MTL_ENABLE_DEBUG_INFO = NO;
				SDKROOT = iphoneos;
				SWIFT_OPTIMIZATION_LEVEL = "-Owholemodule";
				TARGETED_DEVICE_FAMILY = "1,2";
				VALIDATE_PRODUCT = YES;
			};
			name = Release;
		};
		225CEDD01EE317DD00B4A94A /* Debug */ = {
			isa = XCBuildConfiguration;
			buildSettings = {
				ASSETCATALOG_COMPILER_APPICON_NAME = AppIcon;
				DEVELOPMENT_TEAM = 7GT6EK8D4J;
				INFOPLIST_FILE = Cards/Info.plist;
				LD_RUNPATH_SEARCH_PATHS = "$(inherited) @executable_path/Frameworks";
				PRODUCT_BUNDLE_IDENTIFIER = "com.meech-ward.demo.Cards";
				PRODUCT_NAME = "$(TARGET_NAME)";
				SWIFT_VERSION = 3.0;
			};
			name = Debug;
		};
		225CEDD11EE317DD00B4A94A /* Release */ = {
			isa = XCBuildConfiguration;
			buildSettings = {
				ASSETCATALOG_COMPILER_APPICON_NAME = AppIcon;
				DEVELOPMENT_TEAM = 7GT6EK8D4J;
				INFOPLIST_FILE = Cards/Info.plist;
				LD_RUNPATH_SEARCH_PATHS = "$(inherited) @executable_path/Frameworks";
				PRODUCT_BUNDLE_IDENTIFIER = "com.meech-ward.demo.Cards";
				PRODUCT_NAME = "$(TARGET_NAME)";
				SWIFT_VERSION = 3.0;
			};
			name = Release;
		};
/* End XCBuildConfiguration section */

/* Begin XCConfigurationList section */
		225CEDB81EE317DD00B4A94A /* Build configuration list for PBXProject "Cards" */ = {
			isa = XCConfigurationList;
			buildConfigurations = (
				225CEDCD1EE317DD00B4A94A /* Debug */,
				225CEDCE1EE317DD00B4A94A /* Release */,
			);
			defaultConfigurationIsVisible = 0;
			defaultConfigurationName = Release;
		};
		225CEDCF1EE317DD00B4A94A /* Build configuration list for PBXNativeTarget "Cards" */ = {
			isa = XCConfigurationList;
			buildConfigurations = (
				225CEDD01EE317DD00B4A94A /* Debug */,
				225CEDD11EE317DD00B4A94A /* Release */,
			);
			defaultConfigurationIsVisible = 0;
		};
/* End XCConfigurationList section */
	};
	rootObject = 225CEDB51EE317DD00B4A94A /* Project object */;
}
